
Microsoft Visual Studio Solution File, Format Version 12.00
# Visual Studio Version 17
VisualStudioVersion = 17.2.32630.192
MinimumVisualStudioVersion = 10.0.40219.1
Project("{888888A0-9F3D-457C-B088-3A5042F75D52}") = "day2-project", "day2-project\day2-project.pyproj", "{250C2508-D972-4545-AF36-AE6D2AB37736}"
EndProject
Global
	GlobalSection(SolutionConfigurationPlatforms) = preSolution
		Debug|Any CPU = Debug|Any CPU
		Release|Any CPU = Release|Any CPU
	EndGlobalSection
	GlobalSection(ProjectConfigurationPlatforms) = postSolution
		{250C2508-D972-4545-AF36-AE6D2AB37736}.Debug|Any CPU.ActiveCfg = Debug|Any CPU
		{250C2508-D972-4545-AF36-AE6D2AB37736}.Release|Any CPU.ActiveCfg = Release|Any CPU
	EndGlobalSection
	GlobalSection(SolutionProperties) = preSolution
		HideSolutionNode = FALSE
	EndGlobalSection
	GlobalSection(ExtensibilityGlobals) = postSolution
		SolutionGuid = {877449A3-EEB7-4FA7-976C-043D95759606}
	EndGlobalSection
EndGlobal
